
Microsoft Visual Studio Solution File, Format Version 12.00
# Visual Studio Version 17
VisualStudioVersion = 17.10.34916.146
MinimumVisualStudioVersion = 10.0.40219.1
Project("{FAE04EC0-301F-11D3-BF4B-00C04F79EFBC}") = "InventarioEM", "InventarioEM\InventarioEM.csproj", "{B9E7B2C2-955B-432F-A949-6BB468A0D37A}"
EndProject
Global
	GlobalSection(SolutionConfigurationPlatforms) = preSolution
		Debug|Any CPU = Debug|Any CPU
		Release|Any CPU = Release|Any CPU
	EndGlobalSection
	GlobalSection(ProjectConfigurationPlatforms) = postSolution
		{B9E7B2C2-955B-432F-A949-6BB468A0D37A}.Debug|Any CPU.ActiveCfg = Debug|Any CPU
		{B9E7B2C2-955B-432F-A949-6BB468A0D37A}.Debug|Any CPU.Build.0 = Debug|Any CPU
		{B9E7B2C2-955B-432F-A949-6BB468A0D37A}.Release|Any CPU.ActiveCfg = Release|Any CPU
		{B9E7B2C2-955B-432F-A949-6BB468A0D37A}.Release|Any CPU.Build.0 = Release|Any CPU
	EndGlobalSection
	GlobalSection(SolutionProperties) = preSolution
		HideSolutionNode = FALSE
	EndGlobalSection
	GlobalSection(ExtensibilityGlobals) = postSolution
		SolutionGuid = {D57809F1-98D2-4ED6-8469-279F15ACCF95}
	EndGlobalSection
EndGlobal
